{
  "name": "commerce",
  "requires": true,
  "lockfileVersion": 1,
  "dependencies": {
    "@contentful/rich-text-react-renderer": {
      "version": "15.16.3",
      "resolved": "https://registry.npmjs.org/@contentful/rich-text-react-renderer/-/rich-text-react-renderer-15.16.3.tgz",
      "integrity": "sha512-aFtgKn8Yt19qpsez9RdV65/khPhy7GnWXhjhiCMSDVY9vDwyPIPfoKkInt+vePAk7rxlleXds5s7ba6Sm5zKQg==",
      "requires": {
        "@contentful/rich-text-types": "^16.0.3"
      }
    },
    "@contentful/rich-text-types": {
      "version": "16.0.3",
      "resolved": "https://registry.npmjs.org/@contentful/rich-text-types/-/rich-text-types-16.0.3.tgz",
      "integrity": "sha512-BsUtXj93jo5XUt0YeUwfCkMWRoZIzJDPUIY4vMy9SwGIO9olTsMoQKadjA2ktlmK+Gg6710WH3eFKZxj2q39Iw=="
    },
    "axios": {
      "version": "0.26.1",
      "resolved": "https://registry.npmjs.org/axios/-/axios-0.26.1.tgz",
      "integrity": "sha512-fPwcX4EvnSHuInCMItEhAGnaSEXRBjtzh9fOtsE6E1G6p7vl7edEeZe11QHf18+6+9gR5PbKV/sGKNaD8YaMeA==",
      "requires": {
        "follow-redirects": "^1.14.8"
      }
    },
    "call-bind": {
      "version": "1.0.2",
      "resolved": "https://registry.npmjs.org/call-bind/-/call-bind-1.0.2.tgz",
      "integrity": "sha512-7O+FbCihrB5WGbFYesctwmTKae6rOiIzmz1icreWJ+0aA7LJfuqhEso2T9ncpcFtzMQtzXf2QGGueWJGTYsqrA==",
      "requires": {
        "function-bind": "^1.1.1",
        "get-intrinsic": "^1.0.2"
      }
    },
    "contentful": {
      "version": "10.1.0",
      "resolved": "https://registry.npmjs.org/contentful/-/contentful-10.1.0.tgz",
      "integrity": "sha512-5xhzPQhCirZ0PoC4YFPC4NTKWjf9TU4iricvf/ETWiHiHROQYPm2NdPrHz55IZ7AHH6kvqUeGDEtmxz+Idg2gw==",
      "requires": {
        "@contentful/rich-text-types": "^16.0.2",
        "axios": "^0.26.1",
        "contentful-resolve-response": "^1.3.6",
        "contentful-sdk-core": "^7.0.2",
        "json-stringify-safe": "^5.0.1",
        "type-fest": "^3.1.0"
      }
    },
    "contentful-resolve-response": {
      "version": "1.6.5",
      "resolved": "https://registry.npmjs.org/contentful-resolve-response/-/contentful-resolve-response-1.6.5.tgz",
      "integrity": "sha512-3uH6tI8rmBnDDtzyD4fZg3aecuYYCMe0q24/sdgQELvsza+OAiqrxzyiXJIAs7c5exIp5bbLwMtZLW/33OGvxg==",
      "requires": {
        "fast-copy": "^2.1.7"
      }
    },
    "contentful-sdk-core": {
      "version": "7.0.6",
      "resolved": "https://registry.npmjs.org/contentful-sdk-core/-/contentful-sdk-core-7.0.6.tgz",
      "integrity": "sha512-xG4+a4p7VGCuxxUWh8t3O3V6gEcPP/aSE/KkvPRMYkm8PbxWYTAYG3c5pn5lmtj1QKcsY7yjiLWRXtP4qzem3Q==",
      "requires": {
        "fast-copy": "^2.1.7",
        "lodash.isplainobject": "^4.0.6",
        "lodash.isstring": "^4.0.1",
        "p-throttle": "^4.1.1",
        "qs": "^6.9.4"
      }
    },
    "fast-copy": {
      "version": "2.1.7",
      "resolved": "https://registry.npmjs.org/fast-copy/-/fast-copy-2.1.7.tgz",
      "integrity": "sha512-ozrGwyuCTAy7YgFCua8rmqmytECYk/JYAMXcswOcm0qvGoE3tPb7ivBeIHTOK2DiapBhDZgacIhzhQIKU5TCfA=="
    },
    "follow-redirects": {
      "version": "1.15.2",
      "resolved": "https://registry.npmjs.org/follow-redirects/-/follow-redirects-1.15.2.tgz",
      "integrity": "sha512-VQLG33o04KaQ8uYi2tVNbdrWp1QWxNNea+nmIB4EVM28v0hmP17z7aG1+wAkNzVq4KeXTq3221ye5qTJP91JwA=="
    },
    "function-bind": {
      "version": "1.1.1",
      "resolved": "https://registry.npmjs.org/function-bind/-/function-bind-1.1.1.tgz",
      "integrity": "sha512-yIovAzMX49sF8Yl58fSCWJ5svSLuaibPxXQJFLmBObTuCr0Mf1KiPopGM9NiFjiYBCbfaa2Fh6breQ6ANVTI0A=="
    },
    "get-intrinsic": {
      "version": "1.2.0",
      "resolved": "https://registry.npmjs.org/get-intrinsic/-/get-intrinsic-1.2.0.tgz",
      "integrity": "sha512-L049y6nFOuom5wGyRc3/gdTLO94dySVKRACj1RmJZBQXlbTMhtNIgkWkUHq+jYmZvKf14EW1EoJnnjbmoHij0Q==",
      "requires": {
        "function-bind": "^1.1.1",
        "has": "^1.0.3",
        "has-symbols": "^1.0.3"
      }
    },
    "has": {
      "version": "1.0.3",
      "resolved": "https://registry.npmjs.org/has/-/has-1.0.3.tgz",
      "integrity": "sha512-f2dvO0VU6Oej7RkWJGrehjbzMAjFp5/VKPp5tTpWIV4JHHZK1/BxbFRtf/siA2SWTe09caDmVtYYzWEIbBS4zw==",
      "requires": {
        "function-bind": "^1.1.1"
      }
    },
    "has-symbols": {
      "version": "1.0.3",
      "resolved": "https://registry.npmjs.org/has-symbols/-/has-symbols-1.0.3.tgz",
      "integrity": "sha512-l3LCuF6MgDNwTDKkdYGEihYjt5pRPbEg46rtlmnSPlUbgmB8LOIrKJbYYFBSbnPaJexMKtiPO8hmeRjRz2Td+A=="
    },
    "husky": {
      "version": "8.0.1",
      "dev": true
    },
    "json-stringify-safe": {
      "version": "5.0.1",
      "resolved": "https://registry.npmjs.org/json-stringify-safe/-/json-stringify-safe-5.0.1.tgz",
      "integrity": "sha512-ZClg6AaYvamvYEE82d3Iyd3vSSIjQ+odgjaTzRuO3s7toCdFKczob2i0zCh7JE8kWn17yvAWhUVxvqGwUalsRA=="
    },
    "lodash.isplainobject": {
      "version": "4.0.6",
      "resolved": "https://registry.npmjs.org/lodash.isplainobject/-/lodash.isplainobject-4.0.6.tgz",
      "integrity": "sha512-oSXzaWypCMHkPC3NvBEaPHf0KsA5mvPrOPgQWDsbg8n7orZ290M0BmC/jgRZ4vcJ6DTAhjrsSYgdsW/F+MFOBA=="
    },
    "lodash.isstring": {
      "version": "4.0.1",
      "resolved": "https://registry.npmjs.org/lodash.isstring/-/lodash.isstring-4.0.1.tgz",
      "integrity": "sha512-0wJxfxH1wgO3GrbuP+dTTk7op+6L41QCXbGINEmD+ny/G/eCqGzxyCsh7159S+mgDDcoarnBw6PC1PS5+wUGgw=="
    },
    "object-inspect": {
      "version": "1.12.3",
      "resolved": "https://registry.npmjs.org/object-inspect/-/object-inspect-1.12.3.tgz",
      "integrity": "sha512-geUvdk7c+eizMNUDkRpW1wJwgfOiOeHbxBR/hLXK1aT6zmVSO0jsQcs7fj6MGw89jC/cjGfLcNOrtMYtGqm81g=="
    },
    "p-throttle": {
      "version": "4.1.1",
      "resolved": "https://registry.npmjs.org/p-throttle/-/p-throttle-4.1.1.tgz",
      "integrity": "sha512-TuU8Ato+pRTPJoDzYD4s7ocJYcNSEZRvlxoq3hcPI2kZDZ49IQ1Wkj7/gDJc3X7XiEAAvRGtDzdXJI0tC3IL1g=="
    },
    "prettier": {
      "version": "2.7.1",
      "dev": true
    },
    "qs": {
      "version": "6.11.1",
      "resolved": "https://registry.npmjs.org/qs/-/qs-6.11.1.tgz",
      "integrity": "sha512-0wsrzgTz/kAVIeuxSjnpGC56rzYtr6JT/2BwEvMaPhFIoYa1aGO8LbzuU1R0uUYQkLpWBTOj0l/CLAJB64J6nQ==",
      "requires": {
        "side-channel": "^1.0.4"
      }
    },
    "side-channel": {
      "version": "1.0.4",
      "resolved": "https://registry.npmjs.org/side-channel/-/side-channel-1.0.4.tgz",
      "integrity": "sha512-q5XPytqFEIKHkGdiMIrY10mvLRvnQh42/+GoBlFW3b2LXLE2xxJpZFdm94we0BaoV3RwJyGqg5wS7epxTv0Zvw==",
      "requires": {
        "call-bind": "^1.0.0",
        "get-intrinsic": "^1.0.2",
        "object-inspect": "^1.9.0"
      }
    },
    "turbo": {
      "version": "1.4.6",
      "dev": true,
      "requires": {
        "turbo-android-arm64": "1.4.6",
        "turbo-darwin-64": "1.4.6",
        "turbo-darwin-arm64": "1.4.6",
        "turbo-freebsd-64": "1.4.6",
        "turbo-freebsd-arm64": "1.4.6",
        "turbo-linux-32": "1.4.6",
        "turbo-linux-64": "1.4.6",
        "turbo-linux-arm": "1.4.6",
        "turbo-linux-arm64": "1.4.6",
        "turbo-linux-mips64le": "1.4.6",
        "turbo-linux-ppc64le": "1.4.6",
        "turbo-windows-32": "1.4.6",
        "turbo-windows-64": "1.4.6",
        "turbo-windows-arm64": "1.4.6"
      }
    },
    "turbo-android-arm64": {
      "version": "1.4.6",
      "resolved": "https://registry.npmjs.org/turbo-android-arm64/-/turbo-android-arm64-1.4.6.tgz",
      "integrity": "sha512-YxSlHc64CF5J7yNUMiLBHkeLyzrpe75Oy7tivWb3z7ySG44BXPikk4HDJZPh0T1ELvukDwuPKkvDukJ2oCLJpA==",
      "dev": true,
      "optional": true
    },
    "turbo-darwin-64": {
      "version": "1.4.6",
      "resolved": "https://registry.npmjs.org/turbo-darwin-64/-/turbo-darwin-64-1.4.6.tgz",
      "integrity": "sha512-f6uto7LLpjwZ6iZSF+8uaDpuiTji6xmnWDxNuW23DBE8iv5mxehHd+6Ys851uKDRrPb3QdCu9ctyigKTAla5Vg==",
      "dev": true,
      "optional": true
    },
    "turbo-darwin-arm64": {
      "version": "1.4.6",
      "resolved": "https://registry.npmjs.org/turbo-darwin-arm64/-/turbo-darwin-arm64-1.4.6.tgz",
      "integrity": "sha512-o9C6e5XyuMHQwE0fEhUxfpXxvNr2QXXWX8nxIjygxeF19AqKbk/s08vZBOEmXV6/gx/pRhZ1S2nf0PIUjKBD/Q==",
      "dev": true,
      "optional": true
    },
    "turbo-freebsd-64": {
      "version": "1.4.6",
      "resolved": "https://registry.npmjs.org/turbo-freebsd-64/-/turbo-freebsd-64-1.4.6.tgz",
      "integrity": "sha512-Gg9VOUo6McXYKGevcYjGUSmMryZyZggvpdPh7Dw3QTcT8Tsy6OBtq6WnJ2O4kFDsMigyKtEOJPceD9vDMZt3yQ==",
      "dev": true,
      "optional": true
    },
    "turbo-freebsd-arm64": {
      "version": "1.4.6",
      "resolved": "https://registry.npmjs.org/turbo-freebsd-arm64/-/turbo-freebsd-arm64-1.4.6.tgz",
      "integrity": "sha512-W7VrcneWFN1QENKt5cpAPSsf9ArYBBAm3VtPBZEO5tX8kuahGlah1SKdKJXrRxYOY82wyNxDagS/rHpBlrAAzw==",
      "dev": true,
      "optional": true
    },
    "turbo-linux-32": {
      "version": "1.4.6",
      "resolved": "https://registry.npmjs.org/turbo-linux-32/-/turbo-linux-32-1.4.6.tgz",
      "integrity": "sha512-76j/zsui6mWPX8pZVMGgF8eiKHPmKuGa2lo0A/Ja0HUvdYCOGUfHsWJGVVIeYbuEp3jsKyVt7OnMDeH9CqO6bg==",
      "dev": true,
      "optional": true
    },
    "turbo-linux-64": {
      "version": "1.4.6",
      "resolved": "https://registry.npmjs.org/turbo-linux-64/-/turbo-linux-64-1.4.6.tgz",
      "integrity": "sha512-z4A37Xm7lZyO9ddtGnvQHWMrsAKX6vFBxdbtb9MY76VRblo7lWSuk4LwCeM+T+ZDJ9LBFiF7aD/diRShlLx9jA==",
      "dev": true,
      "optional": true
    },
    "turbo-linux-arm": {
      "version": "1.4.6",
      "resolved": "https://registry.npmjs.org/turbo-linux-arm/-/turbo-linux-arm-1.4.6.tgz",
      "integrity": "sha512-Uh/V3oaAdhyZW6FKPpKihAxQo3EbvLaVNnzzkBmBnvHRkqoDJHhpuG72V7nn8pzxVbJ1++NEVjvbc2kmKFvGjg==",
      "dev": true,
      "optional": true
    },
    "turbo-linux-arm64": {
      "version": "1.4.6",
      "resolved": "https://registry.npmjs.org/turbo-linux-arm64/-/turbo-linux-arm64-1.4.6.tgz",
      "integrity": "sha512-FW1jmOpZfOoVVvml338N0MPnYjiMyYWTaMb4T+IosgGYymcUE3xJjfXJcqfU/9/uKTyY8zG0qr9/5rw2kpMS2Q==",
      "dev": true,
      "optional": true
    },
    "turbo-linux-mips64le": {
      "version": "1.4.6",
      "resolved": "https://registry.npmjs.org/turbo-linux-mips64le/-/turbo-linux-mips64le-1.4.6.tgz",
      "integrity": "sha512-iWaL3Pwj52BH3T2M8nXScmbSnq4+x47MYK7lJMG7FsZGAIoT5ToO1Wt1iX3GRHTcnIZYm/kCfJ1ptK/NCossLA==",
      "dev": true,
      "optional": true
    },
    "turbo-linux-ppc64le": {
      "version": "1.4.6",
      "resolved": "https://registry.npmjs.org/turbo-linux-ppc64le/-/turbo-linux-ppc64le-1.4.6.tgz",
      "integrity": "sha512-Af/KlUmpiORDyELxT7byXNWl3fefErGQMJfeqXEtAdhs8OCKQWuU+lchcZbiBZYNpL+lZoa3PAmP9Fpx7R4plA==",
      "dev": true,
      "optional": true
    },
    "turbo-windows-32": {
      "version": "1.4.6",
      "resolved": "https://registry.npmjs.org/turbo-windows-32/-/turbo-windows-32-1.4.6.tgz",
      "integrity": "sha512-NBd+XPlRSaR//lVN13Q9DOqK3CbowSvafIyGsO4jfvMsGTdyNDL6AYtFsvTKW91/G7ZhATmSEkPn2pZRuhP/DA==",
      "dev": true,
      "optional": true
    },
    "turbo-windows-64": {
      "version": "1.4.6",
      "resolved": "https://registry.npmjs.org/turbo-windows-64/-/turbo-windows-64-1.4.6.tgz",
      "integrity": "sha512-86AbmG+CjzVTpn4RGtwU2CYy4zSyAc9bIQ4pDGLIpCJg6JlD11duaiMJh0SCU/HCqWLJjWDI4qD+f9WNbgPsyQ==",
      "dev": true,
      "optional": true
    },
    "turbo-windows-arm64": {
      "version": "1.4.6",
      "resolved": "https://registry.npmjs.org/turbo-windows-arm64/-/turbo-windows-arm64-1.4.6.tgz",
      "integrity": "sha512-V+pWcqhTtmQQ3ew8qEjYtUwzyW6tO1RgvP+6OKzItYzTnMTr1Fe42Q21V+tqRNxuNfFDKsgVJdk2p5wB87bvyQ==",
      "dev": true,
      "optional": true
    },
    "type-fest": {
      "version": "3.8.0",
      "resolved": "https://registry.npmjs.org/type-fest/-/type-fest-3.8.0.tgz",
      "integrity": "sha512-FVNSzGQz9Th+/9R6Lvv7WIAkstylfHN2/JYxkyhhmKFYh9At2DST8t6L6Lref9eYO8PXFTfG9Sg1Agg0K3vq3Q=="
    },
    "@next/swc-android-arm-eabi": {
      "version": "13.0.4",
      "resolved": "https://registry.npmjs.org/@next/swc-android-arm-eabi/-/swc-android-arm-eabi-13.0.4.tgz",
      "integrity": "sha512-SD9H+/zuV3L0oHIhsDdFkDqFtg6pIHtqRUPlsrNdOsmWXgMlSzxBmwt2ta4kyrazS62BQu7XRUG++ZyODS7AWg==",
      "optional": true
    },
    "@next/swc-android-arm64": {
      "version": "13.0.4",
      "resolved": "https://registry.npmjs.org/@next/swc-android-arm64/-/swc-android-arm64-13.0.4.tgz",
      "integrity": "sha512-F8W5WcBbdn/zBoy32/mQiefs9DNsT12CTSSVCsO8GvQR7GjJU+uduQ4drKcSDoDLuAFULc2jDN06Circq4vuQg==",
      "optional": true
    },
    "@next/swc-darwin-arm64": {
      "version": "13.0.4",
      "resolved": "https://registry.npmjs.org/@next/swc-darwin-arm64/-/swc-darwin-arm64-13.0.4.tgz",
      "integrity": "sha512-/lajev+9GSie+rRTl5z8skW9RJwZ+TwMKLzzM24TbDk8lUjqPTyJZ/cU0NDj8J7VQAZ6EehACSh9rcJeBRtLuA==",
      "optional": true
    },
    "@next/swc-darwin-x64": {
      "version": "13.0.4",
      "resolved": "https://registry.npmjs.org/@next/swc-darwin-x64/-/swc-darwin-x64-13.0.4.tgz",
      "integrity": "sha512-HK4b2rFiju8d40GTL/jH9U6OQ7BYA2MeEHs7Dm7Rp7kwQtLzP3z6osdQS8er20tIFHDE4b+oVBy03ZUQkHf0Pg==",
      "optional": true
    },
    "@next/swc-freebsd-x64": {
      "version": "13.0.4",
      "resolved": "https://registry.npmjs.org/@next/swc-freebsd-x64/-/swc-freebsd-x64-13.0.4.tgz",
      "integrity": "sha512-xBvIGLaGzZtgJfRRJ2DBN82DQCJ/O7jkXyBp8X/vHefPWyVXVqF6C68Rv8ADp11thPpf8WpjkvDDLb9AuWHQUA==",
      "optional": true
    },
    "@next/swc-linux-arm-gnueabihf": {
      "version": "13.0.4",
      "resolved": "https://registry.npmjs.org/@next/swc-linux-arm-gnueabihf/-/swc-linux-arm-gnueabihf-13.0.4.tgz",
      "integrity": "sha512-s13pxNp9deKmmxEGTp1MoL1e4nf4wbEymEaHgFxUlhoR1OD9tK8oTNrQphQePJgVjzcWmRGH/dX7O9mVkHbU/g==",
      "optional": true
    },
    "@next/swc-linux-arm64-gnu": {
      "version": "13.0.4",
      "resolved": "https://registry.npmjs.org/@next/swc-linux-arm64-gnu/-/swc-linux-arm64-gnu-13.0.4.tgz",
      "integrity": "sha512-Lklo65usNzoYwjX51CpDKOepWVZBdwO49/Jz3djxiYUr2lRtpDVnlfwCvzN+47j3BMVMWtC2ndIi8Q4s3J0v4g==",
      "optional": true
    },
    "@next/swc-linux-arm64-musl": {
      "version": "13.0.4",
      "resolved": "https://registry.npmjs.org/@next/swc-linux-arm64-musl/-/swc-linux-arm64-musl-13.0.4.tgz",
      "integrity": "sha512-+3BXtXBwjVhd5lahDe5nKZ7EwD6hE/oLFQkITCvgxymU5qYHGlLFyF52/lyw8qhyxoCr7mMVsUFhlCzVwCfNjg==",
      "optional": true
    },
    "@next/swc-linux-x64-gnu": {
      "version": "13.0.4",
      "resolved": "https://registry.npmjs.org/@next/swc-linux-x64-gnu/-/swc-linux-x64-gnu-13.0.4.tgz",
      "integrity": "sha512-QB8qoZrvHhZsz62nUrTKlp5IiZ8I7KZsaa6437H/W/NOZHLGJjCxROnhUjLvKVe/T5P86pjya2SUOUqWAjz4Pg==",
      "optional": true
    },
    "@next/swc-linux-x64-musl": {
      "version": "13.0.4",
      "resolved": "https://registry.npmjs.org/@next/swc-linux-x64-musl/-/swc-linux-x64-musl-13.0.4.tgz",
      "integrity": "sha512-WaahF6DYUQRg1QqIMcuOu2ZsFhS3aC5iWeQyeptMHklP9wb4FfTNmBArKHknX/GXD8P9gI38WTAHJ25cc0zVwg==",
      "optional": true
    },
    "@next/swc-win32-arm64-msvc": {
      "version": "13.0.4",
      "resolved": "https://registry.npmjs.org/@next/swc-win32-arm64-msvc/-/swc-win32-arm64-msvc-13.0.4.tgz",
      "integrity": "sha512-FD+k1j2jeY0aKcqcpzFKfTsv55PPmIZ5GKDyPjjV5AO6XvQ4nALwWl4JwizjH2426TfLXObb+C3MH0bl9Ok1Kw==",
      "optional": true
    },
    "@next/swc-win32-ia32-msvc": {
      "version": "13.0.4",
      "resolved": "https://registry.npmjs.org/@next/swc-win32-ia32-msvc/-/swc-win32-ia32-msvc-13.0.4.tgz",
      "integrity": "sha512-+Q/Q8Ydvz3X3U84CyZdNv1HC7fE43k+xB8C6b3IFmWGa5Tu2tfskQ2FsUNBrYreZjhFC/894J3rVQ6Vj6Auugg==",
      "optional": true
    },
    "@next/swc-win32-x64-msvc": {
      "version": "13.0.4",
      "resolved": "https://registry.npmjs.org/@next/swc-win32-x64-msvc/-/swc-win32-x64-msvc-13.0.4.tgz",
      "integrity": "sha512-vXtbo9N1FdtZZRcv4BliU28tTYrkb1EnVpUiiFFe88I6kS9aZVTMY9Z/OtDR52rl1JF1hgs9sL/59D/TQqSATQ==",
      "optional": true
    }
  }
}
